
Microsoft Visual Studio Solution File, Format Version 12.00
# Visual Studio 15
VisualStudioVersion = 15.0.28307.421
MinimumVisualStudioVersion = 10.0.40219.1
Project("{FAE04EC0-301F-11D3-BF4B-00C04F79EFBC}") = "MVC-food", "MVC-food\MVC-food.csproj", "{8DAD673E-B137-44CD-90D4-33DF020AD95C}"
EndProject
Global
	GlobalSection(SolutionConfigurationPlatforms) = preSolution
		Debug|Any CPU = Debug|Any CPU
		Release|Any CPU = Release|Any CPU
	EndGlobalSection
	GlobalSection(ProjectConfigurationPlatforms) = postSolution
		{8DAD673E-B137-44CD-90D4-33DF020AD95C}.Debug|Any CPU.ActiveCfg = Debug|Any CPU
		{8DAD673E-B137-44CD-90D4-33DF020AD95C}.Debug|Any CPU.Build.0 = Debug|Any CPU
		{8DAD673E-B137-44CD-90D4-33DF020AD95C}.Release|Any CPU.ActiveCfg = Release|Any CPU
		{8DAD673E-B137-44CD-90D4-33DF020AD95C}.Release|Any CPU.Build.0 = Release|Any CPU
	EndGlobalSection
	GlobalSection(SolutionProperties) = preSolution
		HideSolutionNode = FALSE
	EndGlobalSection
	GlobalSection(ExtensibilityGlobals) = postSolution
		SolutionGuid = {445F7891-D042-4DD1-BDB4-719DA47AC06B}
	EndGlobalSection
EndGlobal
